
Microsoft Visual Studio Solution File, Format Version 12.00
# Visual Studio Version 17
VisualStudioVersion = 17.14.36109.1 d17.14
MinimumVisualStudioVersion = 10.0.40219.1
Project("{FAE04EC0-301F-11D3-BF4B-00C04F79EFBC}") = "WebApplication", "WebApplication\WebApplication.csproj", "{6E63D722-9235-4961-A5E3-CF07E5FC0D9B}"
EndProject
Global
	GlobalSection(SolutionConfigurationPlatforms) = preSolution
		Debug|Any CPU = Debug|Any CPU
		Release|Any CPU = Release|Any CPU
	EndGlobalSection
	GlobalSection(ProjectConfigurationPlatforms) = postSolution
		{6E63D722-9235-4961-A5E3-CF07E5FC0D9B}.Debug|Any CPU.ActiveCfg = Debug|Any CPU
		{6E63D722-9235-4961-A5E3-CF07E5FC0D9B}.Debug|Any CPU.Build.0 = Debug|Any CPU
		{6E63D722-9235-4961-A5E3-CF07E5FC0D9B}.Release|Any CPU.ActiveCfg = Release|Any CPU
		{6E63D722-9235-4961-A5E3-CF07E5FC0D9B}.Release|Any CPU.Build.0 = Release|Any CPU
	EndGlobalSection
	GlobalSection(SolutionProperties) = preSolution
		HideSolutionNode = FALSE
	EndGlobalSection
	GlobalSection(ExtensibilityGlobals) = postSolution
		SolutionGuid = {02157024-0336-4A81-9625-3B49C9DF3D5A}
	EndGlobalSection
EndGlobal
